
Microsoft Visual Studio Solution File, Format Version 12.00
# Visual Studio Version 16
VisualStudioVersion = 16.0.31624.102
MinimumVisualStudioVersion = 10.0.40219.1
Project("{8BC9CEB8-8B4A-11D0-8D11-00A0C91BC942}") = "lesson6", "lesson6\lesson6.vcxproj", "{6CEAD8A0-263C-43E9-A76C-B6E0C13C1A12}"
EndProject
Global
	GlobalSection(SolutionConfigurationPlatforms) = preSolution
		Debug|x64 = Debug|x64
		Debug|x86 = Debug|x86
		Release|x64 = Release|x64
		Release|x86 = Release|x86
	EndGlobalSection
	GlobalSection(ProjectConfigurationPlatforms) = postSolution
		{6CEAD8A0-263C-43E9-A76C-B6E0C13C1A12}.Debug|x64.ActiveCfg = Debug|x64
		{6CEAD8A0-263C-43E9-A76C-B6E0C13C1A12}.Debug|x64.Build.0 = Debug|x64
		{6CEAD8A0-263C-43E9-A76C-B6E0C13C1A12}.Debug|x86.ActiveCfg = Debug|Win32
		{6CEAD8A0-263C-43E9-A76C-B6E0C13C1A12}.Debug|x86.Build.0 = Debug|Win32
		{6CEAD8A0-263C-43E9-A76C-B6E0C13C1A12}.Release|x64.ActiveCfg = Release|x64
		{6CEAD8A0-263C-43E9-A76C-B6E0C13C1A12}.Release|x64.Build.0 = Release|x64
		{6CEAD8A0-263C-43E9-A76C-B6E0C13C1A12}.Release|x86.ActiveCfg = Release|Win32
		{6CEAD8A0-263C-43E9-A76C-B6E0C13C1A12}.Release|x86.Build.0 = Release|Win32
	EndGlobalSection
	GlobalSection(SolutionProperties) = preSolution
		HideSolutionNode = FALSE
	EndGlobalSection
	GlobalSection(ExtensibilityGlobals) = postSolution
		SolutionGuid = {8E28F236-FD6A-4EC2-B26A-8F8048A00F54}
	EndGlobalSection
EndGlobal
